// !$*UTF8*$!
{
	archiveVersion = 1;
	classes = {
	};
	objectVersion = 56;
	objects = {

/* Begin PBXBuildFile section */
		230FD31929CC676100047A09 /* MOODHAVENApp.swift in Sources */ = {isa = PBXBuildFile; fileRef = 230FD31829CC676100047A09 /* MOODHAVENApp.swift */; };
		230FD31B29CC676100047A09 /* RootView.swift in Sources */ = {isa = PBXBuildFile; fileRef = 230FD31A29CC676100047A09 /* RootView.swift */; };
		230FD31D29CC676200047A09 /* Assets.xcassets in Resources */ = {isa = PBXBuildFile; fileRef = 230FD31C29CC676200047A09 /* Assets.xcassets */; };
		230FD32129CC676200047A09 /* Preview Assets.xcassets in Resources */ = {isa = PBXBuildFile; fileRef = 230FD32029CC676200047A09 /* Preview Assets.xcassets */; };
		230FD32B29CC676200047A09 /* MOODHAVENTests.swift in Sources */ = {isa = PBXBuildFile; fileRef = 230FD32A29CC676200047A09 /* MOODHAVENTests.swift */; };
		230FD33529CC676200047A09 /* MOODHAVENUITests.swift in Sources */ = {isa = PBXBuildFile; fileRef = 230FD33429CC676200047A09 /* MOODHAVENUITests.swift */; };
		230FD33729CC676200047A09 /* MOODHAVENUITestsLaunchTests.swift in Sources */ = {isa = PBXBuildFile; fileRef = 230FD33629CC676200047A09 /* MOODHAVENUITestsLaunchTests.swift */; };
		230FD34929CC684600047A09 /* TabManagerView.swift in Sources */ = {isa = PBXBuildFile; fileRef = 230FD34829CC684600047A09 /* TabManagerView.swift */; };
		230FD34C29CC687800047A09 /* HomeView.swift in Sources */ = {isa = PBXBuildFile; fileRef = 230FD34B29CC687800047A09 /* HomeView.swift */; };
		230FD34E29CC688500047A09 /* MeditateView.swift in Sources */ = {isa = PBXBuildFile; fileRef = 230FD34D29CC688500047A09 /* MeditateView.swift */; };
		230FD35029CC688F00047A09 /* BreatheView.swift in Sources */ = {isa = PBXBuildFile; fileRef = 230FD34F29CC688F00047A09 /* BreatheView.swift */; };
		230FD35229CC689900047A09 /* ProfileView.swift in Sources */ = {isa = PBXBuildFile; fileRef = 230FD35129CC689900047A09 /* ProfileView.swift */; };
		230FD35529CC6AC900047A09 /* ColorExtensions.swift in Sources */ = {isa = PBXBuildFile; fileRef = 230FD35429CC6AC900047A09 /* ColorExtensions.swift */; };
		230FD35829CC6D0A00047A09 /* AppThemeColorSet.swift in Sources */ = {isa = PBXBuildFile; fileRef = 230FD35729CC6D0A00047A09 /* AppThemeColorSet.swift */; };
		230FD35B29CC6F3600047A09 /* NavigationViewModel.swift in Sources */ = {isa = PBXBuildFile; fileRef = 230FD35A29CC6F3600047A09 /* NavigationViewModel.swift */; };
		230FD35D29CC704900047A09 /* AlignmentExtensions.swift in Sources */ = {isa = PBXBuildFile; fileRef = 230FD35C29CC704900047A09 /* AlignmentExtensions.swift */; };
		230FD35F29CC743E00047A09 /* NavigationTabs.swift in Sources */ = {isa = PBXBuildFile; fileRef = 230FD35E29CC743E00047A09 /* NavigationTabs.swift */; };
		23104C2429CE5C8900E4DC75 /* ambient1.mp3 in Resources */ = {isa = PBXBuildFile; fileRef = 23104C2329CE5C8900E4DC75 /* ambient1.mp3 */; };
		2311D7C529D378EA00691025 /* BreatheInfoView.swift in Sources */ = {isa = PBXBuildFile; fileRef = 2311D7C429D378EA00691025 /* BreatheInfoView.swift */; };
		232E51F429CF947300EF6C5B /* BreathingModel.swift in Sources */ = {isa = PBXBuildFile; fileRef = 232E51F329CF947300EF6C5B /* BreathingModel.swift */; };
		2338503529D878F20076CB5F /* RiveRuntime in Frameworks */ = {isa = PBXBuildFile; productRef = 2338503429D878F20076CB5F /* RiveRuntime */; };
		2338504229D884760076CB5F /* breathCircle-3.riv in Resources */ = {isa = PBXBuildFile; fileRef = 2338504129D884760076CB5F /* breathCircle-3.riv */; };
		23510B6529D99A8B0010366C /* cutebear3.riv in Resources */ = {isa = PBXBuildFile; fileRef = 23510B6429D99A8B0010366C /* cutebear3.riv */; };
		238E72B129D3311200C3DE72 /* BreatheActionView.swift in Sources */ = {isa = PBXBuildFile; fileRef = 238E72B029D3311200C3DE72 /* BreatheActionView.swift */; };
		238E72B429D332E600C3DE72 /* GreetingHeaderTextView.swift in Sources */ = {isa = PBXBuildFile; fileRef = 238E72B329D332E600C3DE72 /* GreetingHeaderTextView.swift */; };
		238E72B629D3336D00C3DE72 /* Soundscapes.swift in Sources */ = {isa = PBXBuildFile; fileRef = 238E72B529D3336D00C3DE72 /* Soundscapes.swift */; };
		238E72B829D3343A00C3DE72 /* LineerGaugeView.swift in Sources */ = {isa = PBXBuildFile; fileRef = 238E72B729D3343A00C3DE72 /* LineerGaugeView.swift */; };
		238E72BA29D3349F00C3DE72 /* SectionTitleView.swift in Sources */ = {isa = PBXBuildFile; fileRef = 238E72B929D3349F00C3DE72 /* SectionTitleView.swift */; };
		238E72BC29D3351400C3DE72 /* SmallHCardView.swift in Sources */ = {isa = PBXBuildFile; fileRef = 238E72BB29D3351400C3DE72 /* SmallHCardView.swift */; };
		238E72BE29D336E000C3DE72 /* RowCardView.swift in Sources */ = {isa = PBXBuildFile; fileRef = 238E72BD29D336E000C3DE72 /* RowCardView.swift */; };
		238E72C029D344D200C3DE72 /* QuoteTextView.swift in Sources */ = {isa = PBXBuildFile; fileRef = 238E72BF29D344D200C3DE72 /* QuoteTextView.swift */; };
		239DE8AC29D5ED8800F5E97F /* HapticPlayground.swift in Sources */ = {isa = PBXBuildFile; fileRef = 239DE8AB29D5ED8800F5E97F /* HapticPlayground.swift */; };
		23DE808729CF072A00DFE58D /* HapticManager.swift in Sources */ = {isa = PBXBuildFile; fileRef = 23DE808629CF072A00DFE58D /* HapticManager.swift */; };
/* End PBXBuildFile section */

/* Begin PBXContainerItemProxy section */
		230FD32729CC676200047A09 /* PBXContainerItemProxy */ = {
			isa = PBXContainerItemProxy;
			containerPortal = 230FD30D29CC676100047A09 /* Project object */;
			proxyType = 1;
			remoteGlobalIDString = 230FD31429CC676100047A09;
			remoteInfo = MOODHAVEN;
		};
		230FD33129CC676200047A09 /* PBXContainerItemProxy */ = {
			isa = PBXContainerItemProxy;
			containerPortal = 230FD30D29CC676100047A09 /* Project object */;
			proxyType = 1;
			remoteGlobalIDString = 230FD31429CC676100047A09;
			remoteInfo = MOODHAVEN;
		};
/* End PBXContainerItemProxy section */

/* Begin PBXFileReference section */
		230FD31529CC676100047A09 /* MOODHAVEN.app */ = {isa = PBXFileReference; explicitFileType = wrapper.application; includeInIndex = 0; path = MOODHAVEN.app; sourceTree = BUILT_PRODUCTS_DIR; };
		230FD31829CC676100047A09 /* MOODHAVENApp.swift */ = {isa = PBXFileReference; lastKnownFileType = sourcecode.swift; path = MOODHAVENApp.swift; sourceTree = "<group>"; };
		230FD31A29CC676100047A09 /* RootView.swift */ = {isa = PBXFileReference; lastKnownFileType = sourcecode.swift; path = RootView.swift; sourceTree = "<group>"; };
		230FD31C29CC676200047A09 /* Assets.xcassets */ = {isa = PBXFileReference; lastKnownFileType = folder.assetcatalog; path = Assets.xcassets; sourceTree = "<group>"; };
		230FD31E29CC676200047A09 /* MOODHAVEN.entitlements */ = {isa = PBXFileReference; lastKnownFileType = text.plist.entitlements; path = MOODHAVEN.entitlements; sourceTree = "<group>"; };
		230FD32029CC676200047A09 /* Preview Assets.xcassets */ = {isa = PBXFileReference; lastKnownFileType = folder.assetcatalog; path = "Preview Assets.xcassets"; sourceTree = "<group>"; };
		230FD32629CC676200047A09 /* MOODHAVENTests.xctest */ = {isa = PBXFileReference; explicitFileType = wrapper.cfbundle; includeInIndex = 0; path = MOODHAVENTests.xctest; sourceTree = BUILT_PRODUCTS_DIR; };
		230FD32A29CC676200047A09 /* MOODHAVENTests.swift */ = {isa = PBXFileReference; lastKnownFileType = sourcecode.swift; path = MOODHAVENTests.swift; sourceTree = "<group>"; };
		230FD33029CC676200047A09 /* MOODHAVENUITests.xctest */ = {isa = PBXFileReference; explicitFileType = wrapper.cfbundle; includeInIndex = 0; path = MOODHAVENUITests.xctest; sourceTree = BUILT_PRODUCTS_DIR; };
		230FD33429CC676200047A09 /* MOODHAVENUITests.swift */ = {isa = PBXFileReference; lastKnownFileType = sourcecode.swift; path = MOODHAVENUITests.swift; sourceTree = "<group>"; };
		230FD33629CC676200047A09 /* MOODHAVENUITestsLaunchTests.swift */ = {isa = PBXFileReference; lastKnownFileType = sourcecode.swift; path = MOODHAVENUITestsLaunchTests.swift; sourceTree = "<group>"; };
		230FD34829CC684600047A09 /* TabManagerView.swift */ = {isa = PBXFileReference; lastKnownFileType = sourcecode.swift; path = TabManagerView.swift; sourceTree = "<group>"; };
		230FD34B29CC687800047A09 /* HomeView.swift */ = {isa = PBXFileReference; lastKnownFileType = sourcecode.swift; path = HomeView.swift; sourceTree = "<group>"; };
		230FD34D29CC688500047A09 /* MeditateView.swift */ = {isa = PBXFileReference; lastKnownFileType = sourcecode.swift; path = MeditateView.swift; sourceTree = "<group>"; };
		230FD34F29CC688F00047A09 /* BreatheView.swift */ = {isa = PBXFileReference; lastKnownFileType = sourcecode.swift; path = BreatheView.swift; sourceTree = "<group>"; };
		230FD35129CC689900047A09 /* ProfileView.swift */ = {isa = PBXFileReference; lastKnownFileType = sourcecode.swift; path = ProfileView.swift; sourceTree = "<group>"; };
		230FD35429CC6AC900047A09 /* ColorExtensions.swift */ = {isa = PBXFileReference; lastKnownFileType = sourcecode.swift; path = ColorExtensions.swift; sourceTree = "<group>"; };
		230FD35729CC6D0A00047A09 /* AppThemeColorSet.swift */ = {isa = PBXFileReference; lastKnownFileType = sourcecode.swift; path = AppThemeColorSet.swift; sourceTree = "<group>"; };
		230FD35A29CC6F3600047A09 /* NavigationViewModel.swift */ = {isa = PBXFileReference; lastKnownFileType = sourcecode.swift; path = NavigationViewModel.swift; sourceTree = "<group>"; };
		230FD35C29CC704900047A09 /* AlignmentExtensions.swift */ = {isa = PBXFileReference; lastKnownFileType = sourcecode.swift; path = AlignmentExtensions.swift; sourceTree = "<group>"; };
		230FD35E29CC743E00047A09 /* NavigationTabs.swift */ = {isa = PBXFileReference; lastKnownFileType = sourcecode.swift; path = NavigationTabs.swift; sourceTree = "<group>"; };
		23104C2329CE5C8900E4DC75 /* ambient1.mp3 */ = {isa = PBXFileReference; lastKnownFileType = audio.mp3; path = ambient1.mp3; sourceTree = "<group>"; };
		2311D7C429D378EA00691025 /* BreatheInfoView.swift */ = {isa = PBXFileReference; lastKnownFileType = sourcecode.swift; path = BreatheInfoView.swift; sourceTree = "<group>"; };
		232E51F329CF947300EF6C5B /* BreathingModel.swift */ = {isa = PBXFileReference; lastKnownFileType = sourcecode.swift; path = BreathingModel.swift; sourceTree = "<group>"; };
		2338504129D884760076CB5F /* breathCircle-3.riv */ = {isa = PBXFileReference; lastKnownFileType = file; path = "breathCircle-3.riv"; sourceTree = "<group>"; };
		23510B6429D99A8B0010366C /* cutebear3.riv */ = {isa = PBXFileReference; lastKnownFileType = file; path = cutebear3.riv; sourceTree = "<group>"; };
		238E72B029D3311200C3DE72 /* BreatheActionView.swift */ = {isa = PBXFileReference; lastKnownFileType = sourcecode.swift; path = BreatheActionView.swift; sourceTree = "<group>"; };
		238E72B329D332E600C3DE72 /* GreetingHeaderTextView.swift */ = {isa = PBXFileReference; lastKnownFileType = sourcecode.swift; path = GreetingHeaderTextView.swift; sourceTree = "<group>"; };
		238E72B529D3336D00C3DE72 /* Soundscapes.swift */ = {isa = PBXFileReference; lastKnownFileType = sourcecode.swift; path = Soundscapes.swift; sourceTree = "<group>"; };
		238E72B729D3343A00C3DE72 /* LineerGaugeView.swift */ = {isa = PBXFileReference; lastKnownFileType = sourcecode.swift; path = LineerGaugeView.swift; sourceTree = "<group>"; };
		238E72B929D3349F00C3DE72 /* SectionTitleView.swift */ = {isa = PBXFileReference; lastKnownFileType = sourcecode.swift; path = SectionTitleView.swift; sourceTree = "<group>"; };
		238E72BB29D3351400C3DE72 /* SmallHCardView.swift */ = {isa = PBXFileReference; lastKnownFileType = sourcecode.swift; path = SmallHCardView.swift; sourceTree = "<group>"; };
		238E72BD29D336E000C3DE72 /* RowCardView.swift */ = {isa = PBXFileReference; lastKnownFileType = sourcecode.swift; path = RowCardView.swift; sourceTree = "<group>"; };
		238E72BF29D344D200C3DE72 /* QuoteTextView.swift */ = {isa = PBXFileReference; lastKnownFileType = sourcecode.swift; path = QuoteTextView.swift; sourceTree = "<group>"; };
		239DE8AB29D5ED8800F5E97F /* HapticPlayground.swift */ = {isa = PBXFileReference; lastKnownFileType = sourcecode.swift; path = HapticPlayground.swift; sourceTree = "<group>"; };
		23DE808629CF072A00DFE58D /* HapticManager.swift */ = {isa = PBXFileReference; lastKnownFileType = sourcecode.swift; path = HapticManager.swift; sourceTree = "<group>"; };
/* End PBXFileReference section */

/* Begin PBXFrameworksBuildPhase section */
		230FD31229CC676100047A09 /* Frameworks */ = {
			isa = PBXFrameworksBuildPhase;
			buildActionMask = 2147483647;
			files = (
				2338503529D878F20076CB5F /* RiveRuntime in Frameworks */,
			);
			runOnlyForDeploymentPostprocessing = 0;
		};
		230FD32329CC676200047A09 /* Frameworks */ = {
			isa = PBXFrameworksBuildPhase;
			buildActionMask = 2147483647;
			files = (
			);
			runOnlyForDeploymentPostprocessing = 0;
		};
		230FD32D29CC676200047A09 /* Frameworks */ = {
			isa = PBXFrameworksBuildPhase;
			buildActionMask = 2147483647;
			files = (
			);
			runOnlyForDeploymentPostprocessing = 0;
		};
/* End PBXFrameworksBuildPhase section */

/* Begin PBXGroup section */
		230FD30C29CC676100047A09 = {
			isa = PBXGroup;
			children = (
				230FD31729CC676100047A09 /* MOODHAVEN */,
				230FD32929CC676200047A09 /* MOODHAVENTests */,
				230FD33329CC676200047A09 /* MOODHAVENUITests */,
				230FD31629CC676100047A09 /* Products */,
			);
			sourceTree = "<group>";
		};
		230FD31629CC676100047A09 /* Products */ = {
			isa = PBXGroup;
			children = (
				230FD31529CC676100047A09 /* MOODHAVEN.app */,
				230FD32629CC676200047A09 /* MOODHAVENTests.xctest */,
				230FD33029CC676200047A09 /* MOODHAVENUITests.xctest */,
			);
			name = Products;
			sourceTree = "<group>";
		};
		230FD31729CC676100047A09 /* MOODHAVEN */ = {
			isa = PBXGroup;
			children = (
				230FD31829CC676100047A09 /* MOODHAVENApp.swift */,
				230FD31A29CC676100047A09 /* RootView.swift */,
				239DE8AB29D5ED8800F5E97F /* HapticPlayground.swift */,
				230FD34729CC681F00047A09 /* Utilites */,
				230FD34629CC681B00047A09 /* Managers */,
				230FD34529CC681000047A09 /* Models */,
				230FD34429CC680D00047A09 /* ViewModels */,
				230FD34329CC67FC00047A09 /* Views */,
				230FD31C29CC676200047A09 /* Assets.xcassets */,
				2338503629D879750076CB5F /* RiveAssets */,
				23104C2229CE5C7A00E4DC75 /* AmbientThemes */,
				230FD31E29CC676200047A09 /* MOODHAVEN.entitlements */,
				230FD31F29CC676200047A09 /* Preview Content */,
			);
			path = MOODHAVEN;
			sourceTree = "<group>";
		};
		230FD31F29CC676200047A09 /* Preview Content */ = {
			isa = PBXGroup;
			children = (
				230FD32029CC676200047A09 /* Preview Assets.xcassets */,
			);
			path = "Preview Content";
			sourceTree = "<group>";
		};
		230FD32929CC676200047A09 /* MOODHAVENTests */ = {
			isa = PBXGroup;
			children = (
				230FD32A29CC676200047A09 /* MOODHAVENTests.swift */,
			);
			path = MOODHAVENTests;
			sourceTree = "<group>";
		};
		230FD33329CC676200047A09 /* MOODHAVENUITests */ = {
			isa = PBXGroup;
			children = (
				230FD33429CC676200047A09 /* MOODHAVENUITests.swift */,
				230FD33629CC676200047A09 /* MOODHAVENUITestsLaunchTests.swift */,
			);
			path = MOODHAVENUITests;
			sourceTree = "<group>";
		};
		230FD34329CC67FC00047A09 /* Views */ = {
			isa = PBXGroup;
			children = (
				230FD34829CC684600047A09 /* TabManagerView.swift */,
				230FD34A29CC686800047A09 /* Core */,
				238E72AB29D330C600C3DE72 /* Subviews */,
			);
			path = Views;
			sourceTree = "<group>";
		};
		230FD34429CC680D00047A09 /* ViewModels */ = {
			isa = PBXGroup;
			children = (
				230FD35929CC6F1500047A09 /* UI-UX */,
			);
			path = ViewModels;
			sourceTree = "<group>";
		};
		230FD34529CC681000047A09 /* Models */ = {
			isa = PBXGroup;
			children = (
				232E51F229CF945F00EF6C5B /* Breathing */,
				230FD35629CC6CFC00047A09 /* UI-UX */,
			);
			path = Models;
			sourceTree = "<group>";
		};
		230FD34629CC681B00047A09 /* Managers */ = {
			isa = PBXGroup;
			children = (
				23DE808629CF072A00DFE58D /* HapticManager.swift */,
			);
			path = Managers;
			sourceTree = "<group>";
		};
		230FD34729CC681F00047A09 /* Utilites */ = {
			isa = PBXGroup;
			children = (
				238E72B229D332B800C3DE72 /* CustomViews */,
				230FD35329CC6A3D00047A09 /* Extensions */,
			);
			path = Utilites;
			sourceTree = "<group>";
		};
		230FD34A29CC686800047A09 /* Core */ = {
			isa = PBXGroup;
			children = (
				230FD34B29CC687800047A09 /* HomeView.swift */,
				230FD34D29CC688500047A09 /* MeditateView.swift */,
				230FD34F29CC688F00047A09 /* BreatheView.swift */,
				230FD35129CC689900047A09 /* ProfileView.swift */,
			);
			path = Core;
			sourceTree = "<group>";
		};
		230FD35329CC6A3D00047A09 /* Extensions */ = {
			isa = PBXGroup;
			children = (
				230FD35429CC6AC900047A09 /* ColorExtensions.swift */,
				230FD35C29CC704900047A09 /* AlignmentExtensions.swift */,
			);
			path = Extensions;
			sourceTree = "<group>";
		};
		230FD35629CC6CFC00047A09 /* UI-UX */ = {
			isa = PBXGroup;
			children = (
				230FD35729CC6D0A00047A09 /* AppThemeColorSet.swift */,
				230FD35E29CC743E00047A09 /* NavigationTabs.swift */,
			);
			path = "UI-UX";
			sourceTree = "<group>";
		};
		230FD35929CC6F1500047A09 /* UI-UX */ = {
			isa = PBXGroup;
			children = (
				230FD35A29CC6F3600047A09 /* NavigationViewModel.swift */,
			);
			path = "UI-UX";
			sourceTree = "<group>";
		};
		23104C2229CE5C7A00E4DC75 /* AmbientThemes */ = {
			isa = PBXGroup;
			children = (
				23104C2329CE5C8900E4DC75 /* ambient1.mp3 */,
			);
			path = AmbientThemes;
			sourceTree = "<group>";
		};
		232E51F229CF945F00EF6C5B /* Breathing */ = {
			isa = PBXGroup;
			children = (
				232E51F329CF947300EF6C5B /* BreathingModel.swift */,
			);
			path = Breathing;
			sourceTree = "<group>";
		};
		2338503629D879750076CB5F /* RiveAssets */ = {
			isa = PBXGroup;
			children = (
				2338504129D884760076CB5F /* breathCircle-3.riv */,
				23510B6429D99A8B0010366C /* cutebear3.riv */,
			);
			path = RiveAssets;
			sourceTree = "<group>";
		};
		238E72AB29D330C600C3DE72 /* Subviews */ = {
			isa = PBXGroup;
			children = (
				238E72AC29D330CF00C3DE72 /* Home */,
				238E72AD29D330D700C3DE72 /* Meditate */,
				238E72AE29D330DB00C3DE72 /* Breathe */,
				238E72AF29D330DF00C3DE72 /* Profile */,
			);
			path = Subviews;
			sourceTree = "<group>";
		};
		238E72AC29D330CF00C3DE72 /* Home */ = {
			isa = PBXGroup;
			children = (
			);
			path = Home;
			sourceTree = "<group>";
		};
		238E72AD29D330D700C3DE72 /* Meditate */ = {
			isa = PBXGroup;
			children = (
			);
			path = Meditate;
			sourceTree = "<group>";
		};
		238E72AE29D330DB00C3DE72 /* Breathe */ = {
			isa = PBXGroup;
			children = (
				238E72B029D3311200C3DE72 /* BreatheActionView.swift */,
				2311D7C429D378EA00691025 /* BreatheInfoView.swift */,
			);
			path = Breathe;
			sourceTree = "<group>";
		};
		238E72AF29D330DF00C3DE72 /* Profile */ = {
			isa = PBXGroup;
			children = (
			);
			path = Profile;
			sourceTree = "<group>";
		};
		238E72B229D332B800C3DE72 /* CustomViews */ = {
			isa = PBXGroup;
			children = (
				238E72B329D332E600C3DE72 /* GreetingHeaderTextView.swift */,
				238E72BF29D344D200C3DE72 /* QuoteTextView.swift */,
				238E72B929D3349F00C3DE72 /* SectionTitleView.swift */,
				238E72B529D3336D00C3DE72 /* Soundscapes.swift */,
				238E72B729D3343A00C3DE72 /* LineerGaugeView.swift */,
				238E72BB29D3351400C3DE72 /* SmallHCardView.swift */,
				238E72BD29D336E000C3DE72 /* RowCardView.swift */,
			);
			path = CustomViews;
			sourceTree = "<group>";
		};
/* End PBXGroup section */

/* Begin PBXNativeTarget section */
		230FD31429CC676100047A09 /* MOODHAVEN */ = {
			isa = PBXNativeTarget;
			buildConfigurationList = 230FD33A29CC676200047A09 /* Build configuration list for PBXNativeTarget "MOODHAVEN" */;
			buildPhases = (
				230FD31129CC676100047A09 /* Sources */,
				230FD31229CC676100047A09 /* Frameworks */,
				230FD31329CC676100047A09 /* Resources */,
			);
			buildRules = (
			);
			dependencies = (
			);
			name = MOODHAVEN;
			packageProductDependencies = (
				2338503429D878F20076CB5F /* RiveRuntime */,
			);
			productName = MOODHAVEN;
			productReference = 230FD31529CC676100047A09 /* MOODHAVEN.app */;
			productType = "com.apple.product-type.application";
		};
		230FD32529CC676200047A09 /* MOODHAVENTests */ = {
			isa = PBXNativeTarget;
			buildConfigurationList = 230FD33D29CC676200047A09 /* Build configuration list for PBXNativeTarget "MOODHAVENTests" */;
			buildPhases = (
				230FD32229CC676200047A09 /* Sources */,
				230FD32329CC676200047A09 /* Frameworks */,
				230FD32429CC676200047A09 /* Resources */,
			);
			buildRules = (
			);
			dependencies = (
				230FD32829CC676200047A09 /* PBXTargetDependency */,
			);
			name = MOODHAVENTests;
			productName = MOODHAVENTests;
			productReference = 230FD32629CC676200047A09 /* MOODHAVENTests.xctest */;
			productType = "com.apple.product-type.bundle.unit-test";
		};
		230FD32F29CC676200047A09 /* MOODHAVENUITests */ = {
			isa = PBXNativeTarget;
			buildConfigurationList = 230FD34029CC676200047A09 /* Build configuration list for PBXNativeTarget "MOODHAVENUITests" */;
			buildPhases = (
				230FD32C29CC676200047A09 /* Sources */,
				230FD32D29CC676200047A09 /* Frameworks */,
				230FD32E29CC676200047A09 /* Resources */,
			);
			buildRules = (
			);
			dependencies = (
				230FD33229CC676200047A09 /* PBXTargetDependency */,
			);
			name = MOODHAVENUITests;
			productName = MOODHAVENUITests;
			productReference = 230FD33029CC676200047A09 /* MOODHAVENUITests.xctest */;
			productType = "com.apple.product-type.bundle.ui-testing";
		};
/* End PBXNativeTarget section */

/* Begin PBXProject section */
		230FD30D29CC676100047A09 /* Project object */ = {
			isa = PBXProject;
			attributes = {
				BuildIndependentTargetsInParallel = 1;
				LastSwiftUpdateCheck = 1430;
				LastUpgradeCheck = 1430;
				TargetAttributes = {
					230FD31429CC676100047A09 = {
						CreatedOnToolsVersion = 14.3;
					};
					230FD32529CC676200047A09 = {
						CreatedOnToolsVersion = 14.3;
						TestTargetID = 230FD31429CC676100047A09;
					};
					230FD32F29CC676200047A09 = {
						CreatedOnToolsVersion = 14.3;
						TestTargetID = 230FD31429CC676100047A09;
					};
				};
			};
			buildConfigurationList = 230FD31029CC676100047A09 /* Build configuration list for PBXProject "MOODHAVEN" */;
			compatibilityVersion = "Xcode 14.0";
			developmentRegion = en;
			hasScannedForEncodings = 0;
			knownRegions = (
				en,
				Base,
			);
			mainGroup = 230FD30C29CC676100047A09;
			packageReferences = (
				2338503329D878F20076CB5F /* XCRemoteSwiftPackageReference "rive-ios" */,
			);
			productRefGroup = 230FD31629CC676100047A09 /* Products */;
			projectDirPath = "";
			projectRoot = "";
			targets = (
				230FD31429CC676100047A09 /* MOODHAVEN */,
				230FD32529CC676200047A09 /* MOODHAVENTests */,
				230FD32F29CC676200047A09 /* MOODHAVENUITests */,
			);
		};
/* End PBXProject section */

/* Begin PBXResourcesBuildPhase section */
		230FD31329CC676100047A09 /* Resources */ = {
			isa = PBXResourcesBuildPhase;
			buildActionMask = 2147483647;
			files = (
				23104C2429CE5C8900E4DC75 /* ambient1.mp3 in Resources */,
				230FD32129CC676200047A09 /* Preview Assets.xcassets in Resources */,
				23510B6529D99A8B0010366C /* cutebear3.riv in Resources */,
				2338504229D884760076CB5F /* breathCircle-3.riv in Resources */,
				230FD31D29CC676200047A09 /* Assets.xcassets in Resources */,
			);
			runOnlyForDeploymentPostprocessing = 0;
		};
		230FD32429CC676200047A09 /* Resources */ = {
			isa = PBXResourcesBuildPhase;
			buildActionMask = 2147483647;
			files = (
			);
			runOnlyForDeploymentPostprocessing = 0;
		};
		230FD32E29CC676200047A09 /* Resources */ = {
			isa = PBXResourcesBuildPhase;
			buildActionMask = 2147483647;
			files = (
			);
			runOnlyForDeploymentPostprocessing = 0;
		};
/* End PBXResourcesBuildPhase section */

/* Begin PBXSourcesBuildPhase section */
		230FD31129CC676100047A09 /* Sources */ = {
			isa = PBXSourcesBuildPhase;
			buildActionMask = 2147483647;
			files = (
				23DE808729CF072A00DFE58D /* HapticManager.swift in Sources */,
				238E72B629D3336D00C3DE72 /* Soundscapes.swift in Sources */,
				2311D7C529D378EA00691025 /* BreatheInfoView.swift in Sources */,
				230FD34929CC684600047A09 /* TabManagerView.swift in Sources */,
				238E72B829D3343A00C3DE72 /* LineerGaugeView.swift in Sources */,
				238E72C029D344D200C3DE72 /* QuoteTextView.swift in Sources */,
				232E51F429CF947300EF6C5B /* BreathingModel.swift in Sources */,
				230FD35829CC6D0A00047A09 /* AppThemeColorSet.swift in Sources */,
				230FD34C29CC687800047A09 /* HomeView.swift in Sources */,
				238E72B429D332E600C3DE72 /* GreetingHeaderTextView.swift in Sources */,
				230FD31B29CC676100047A09 /* RootView.swift in Sources */,
				230FD34E29CC688500047A09 /* MeditateView.swift in Sources */,
				230FD35F29CC743E00047A09 /* NavigationTabs.swift in Sources */,
				238E72B129D3311200C3DE72 /* BreatheActionView.swift in Sources */,
				230FD35029CC688F00047A09 /* BreatheView.swift in Sources */,
				238E72BC29D3351400C3DE72 /* SmallHCardView.swift in Sources */,
				230FD35D29CC704900047A09 /* AlignmentExtensions.swift in Sources */,
				230FD35B29CC6F3600047A09 /* NavigationViewModel.swift in Sources */,
				230FD35229CC689900047A09 /* ProfileView.swift in Sources */,
				230FD31929CC676100047A09 /* MOODHAVENApp.swift in Sources */,
				230FD35529CC6AC900047A09 /* ColorExtensions.swift in Sources */,
				238E72BA29D3349F00C3DE72 /* SectionTitleView.swift in Sources */,
				238E72BE29D336E000C3DE72 /* RowCardView.swift in Sources */,
				239DE8AC29D5ED8800F5E97F /* HapticPlayground.swift in Sources */,
			);
			runOnlyForDeploymentPostprocessing = 0;
		};
		230FD32229CC676200047A09 /* Sources */ = {
			isa = PBXSourcesBuildPhase;
			buildActionMask = 2147483647;
			files = (
				230FD32B29CC676200047A09 /* MOODHAVENTests.swift in Sources */,
			);
			runOnlyForDeploymentPostprocessing = 0;
		};
		230FD32C29CC676200047A09 /* Sources */ = {
			isa = PBXSourcesBuildPhase;
			buildActionMask = 2147483647;
			files = (
				230FD33729CC676200047A09 /* MOODHAVENUITestsLaunchTests.swift in Sources */,
				230FD33529CC676200047A09 /* MOODHAVENUITests.swift in Sources */,
			);
			runOnlyForDeploymentPostprocessing = 0;
		};
/* End PBXSourcesBuildPhase section */

/* Begin PBXTargetDependency section */
		230FD32829CC676200047A09 /* PBXTargetDependency */ = {
			isa = PBXTargetDependency;
			target = 230FD31429CC676100047A09 /* MOODHAVEN */;
			targetProxy = 230FD32729CC676200047A09 /* PBXContainerItemProxy */;
		};
		230FD33229CC676200047A09 /* PBXTargetDependency */ = {
			isa = PBXTargetDependency;
			target = 230FD31429CC676100047A09 /* MOODHAVEN */;
			targetProxy = 230FD33129CC676200047A09 /* PBXContainerItemProxy */;
		};
/* End PBXTargetDependency section */

/* Begin XCBuildConfiguration section */
		230FD33829CC676200047A09 /* Debug */ = {
			isa = XCBuildConfiguration;
			buildSettings = {
				ALWAYS_SEARCH_USER_PATHS = NO;
				CLANG_ANALYZER_NONNULL = YES;
				CLANG_ANALYZER_NUMBER_OBJECT_CONVERSION = YES_AGGRESSIVE;
				CLANG_CXX_LANGUAGE_STANDARD = "gnu++20";
				CLANG_ENABLE_MODULES = YES;
				CLANG_ENABLE_OBJC_ARC = YES;
				CLANG_ENABLE_OBJC_WEAK = YES;
				CLANG_WARN_BLOCK_CAPTURE_AUTORELEASING = YES;
				CLANG_WARN_BOOL_CONVERSION = YES;
				CLANG_WARN_COMMA = YES;
				CLANG_WARN_CONSTANT_CONVERSION = YES;
				CLANG_WARN_DEPRECATED_OBJC_IMPLEMENTATIONS = YES;
				CLANG_WARN_DIRECT_OBJC_ISA_USAGE = YES_ERROR;
				CLANG_WARN_DOCUMENTATION_COMMENTS = YES;
				CLANG_WARN_EMPTY_BODY = YES;
				CLANG_WARN_ENUM_CONVERSION = YES;
				CLANG_WARN_INFINITE_RECURSION = YES;
				CLANG_WARN_INT_CONVERSION = YES;
				CLANG_WARN_NON_LITERAL_NULL_CONVERSION = YES;
				CLANG_WARN_OBJC_IMPLICIT_RETAIN_SELF = YES;
				CLANG_WARN_OBJC_LITERAL_CONVERSION = YES;
				CLANG_WARN_OBJC_ROOT_CLASS = YES_ERROR;
				CLANG_WARN_QUOTED_INCLUDE_IN_FRAMEWORK_HEADER = YES;
				CLANG_WARN_RANGE_LOOP_ANALYSIS = YES;
				CLANG_WARN_STRICT_PROTOTYPES = YES;
				CLANG_WARN_SUSPICIOUS_MOVE = YES;
				CLANG_WARN_UNGUARDED_AVAILABILITY = YES_AGGRESSIVE;
				CLANG_WARN_UNREACHABLE_CODE = YES;
				CLANG_WARN__DUPLICATE_METHOD_MATCH = YES;
				COPY_PHASE_STRIP = NO;
				DEBUG_INFORMATION_FORMAT = dwarf;
				ENABLE_STRICT_OBJC_MSGSEND = YES;
				ENABLE_TESTABILITY = YES;
				GCC_C_LANGUAGE_STANDARD = gnu11;
				GCC_DYNAMIC_NO_PIC = NO;
				GCC_NO_COMMON_BLOCKS = YES;
				GCC_OPTIMIZATION_LEVEL = 0;
				GCC_PREPROCESSOR_DEFINITIONS = (
					"DEBUG=1",
					"$(inherited)",
				);
				GCC_WARN_64_TO_32_BIT_CONVERSION = YES;
				GCC_WARN_ABOUT_RETURN_TYPE = YES_ERROR;
				GCC_WARN_UNDECLARED_SELECTOR = YES;
				GCC_WARN_UNINITIALIZED_AUTOS = YES_AGGRESSIVE;
				GCC_WARN_UNUSED_FUNCTION = YES;
				GCC_WARN_UNUSED_VARIABLE = YES;
				MTL_ENABLE_DEBUG_INFO = INCLUDE_SOURCE;
				MTL_FAST_MATH = YES;
				ONLY_ACTIVE_ARCH = YES;
				SWIFT_ACTIVE_COMPILATION_CONDITIONS = DEBUG;
				SWIFT_OPTIMIZATION_LEVEL = "-Onone";
			};
			name = Debug;
		};
		230FD33929CC676200047A09 /* Release */ = {
			isa = XCBuildConfiguration;
			buildSettings = {
				ALWAYS_SEARCH_USER_PATHS = NO;
				CLANG_ANALYZER_NONNULL = YES;
				CLANG_ANALYZER_NUMBER_OBJECT_CONVERSION = YES_AGGRESSIVE;
				CLANG_CXX_LANGUAGE_STANDARD = "gnu++20";
				CLANG_ENABLE_MODULES = YES;
				CLANG_ENABLE_OBJC_ARC = YES;
				CLANG_ENABLE_OBJC_WEAK = YES;
				CLANG_WARN_BLOCK_CAPTURE_AUTORELEASING = YES;
				CLANG_WARN_BOOL_CONVERSION = YES;
				CLANG_WARN_COMMA = YES;
				CLANG_WARN_CONSTANT_CONVERSION = YES;
				CLANG_WARN_DEPRECATED_OBJC_IMPLEMENTATIONS = YES;
				CLANG_WARN_DIRECT_OBJC_ISA_USAGE = YES_ERROR;
				CLANG_WARN_DOCUMENTATION_COMMENTS = YES;
				CLANG_WARN_EMPTY_BODY = YES;
				CLANG_WARN_ENUM_CONVERSION = YES;
				CLANG_WARN_INFINITE_RECURSION = YES;
				CLANG_WARN_INT_CONVERSION = YES;
				CLANG_WARN_NON_LITERAL_NULL_CONVERSION = YES;
				CLANG_WARN_OBJC_IMPLICIT_RETAIN_SELF = YES;
				CLANG_WARN_OBJC_LITERAL_CONVERSION = YES;
				CLANG_WARN_OBJC_ROOT_CLASS = YES_ERROR;
				CLANG_WARN_QUOTED_INCLUDE_IN_FRAMEWORK_HEADER = YES;
				CLANG_WARN_RANGE_LOOP_ANALYSIS = YES;
				CLANG_WARN_STRICT_PROTOTYPES = YES;
				CLANG_WARN_SUSPICIOUS_MOVE = YES;
				CLANG_WARN_UNGUARDED_AVAILABILITY = YES_AGGRESSIVE;
				CLANG_WARN_UNREACHABLE_CODE = YES;
				CLANG_WARN__DUPLICATE_METHOD_MATCH = YES;
				COPY_PHASE_STRIP = NO;
				DEBUG_INFORMATION_FORMAT = "dwarf-with-dsym";
				ENABLE_NS_ASSERTIONS = NO;
				ENABLE_STRICT_OBJC_MSGSEND = YES;
				GCC_C_LANGUAGE_STANDARD = gnu11;
				GCC_NO_COMMON_BLOCKS = YES;
				GCC_WARN_64_TO_32_BIT_CONVERSION = YES;
				GCC_WARN_ABOUT_RETURN_TYPE = YES_ERROR;
				GCC_WARN_UNDECLARED_SELECTOR = YES;
				GCC_WARN_UNINITIALIZED_AUTOS = YES_AGGRESSIVE;
				GCC_WARN_UNUSED_FUNCTION = YES;
				GCC_WARN_UNUSED_VARIABLE = YES;
				MTL_ENABLE_DEBUG_INFO = NO;
				MTL_FAST_MATH = YES;
				SWIFT_COMPILATION_MODE = wholemodule;
				SWIFT_OPTIMIZATION_LEVEL = "-O";
			};
			name = Release;
		};
		230FD33B29CC676200047A09 /* Debug */ = {
			isa = XCBuildConfiguration;
			buildSettings = {
				ASSETCATALOG_COMPILER_APPICON_NAME = AppIcon;
				ASSETCATALOG_COMPILER_GLOBAL_ACCENT_COLOR_NAME = AccentColor;
				CODE_SIGN_ENTITLEMENTS = MOODHAVEN/MOODHAVEN.entitlements;
				CODE_SIGN_STYLE = Automatic;
				CURRENT_PROJECT_VERSION = 1;
				DEVELOPMENT_ASSET_PATHS = "\"MOODHAVEN/Preview Content\"";
				DEVELOPMENT_TEAM = 62693BZN4B;
				ENABLE_HARDENED_RUNTIME = YES;
				ENABLE_PREVIEWS = YES;
				GENERATE_INFOPLIST_FILE = YES;
				"INFOPLIST_KEY_UIApplicationSceneManifest_Generation[sdk=iphoneos*]" = YES;
				"INFOPLIST_KEY_UIApplicationSceneManifest_Generation[sdk=iphonesimulator*]" = YES;
				"INFOPLIST_KEY_UIApplicationSupportsIndirectInputEvents[sdk=iphoneos*]" = YES;
				"INFOPLIST_KEY_UIApplicationSupportsIndirectInputEvents[sdk=iphonesimulator*]" = YES;
				"INFOPLIST_KEY_UILaunchScreen_Generation[sdk=iphoneos*]" = YES;
				"INFOPLIST_KEY_UILaunchScreen_Generation[sdk=iphonesimulator*]" = YES;
				INFOPLIST_KEY_UIStatusBarStyle = "";
				"INFOPLIST_KEY_UIStatusBarStyle[sdk=iphoneos*]" = UIStatusBarStyleDefault;
				"INFOPLIST_KEY_UIStatusBarStyle[sdk=iphonesimulator*]" = UIStatusBarStyleDefault;
				INFOPLIST_KEY_UISupportedInterfaceOrientations = UIInterfaceOrientationPortrait;
				INFOPLIST_KEY_UISupportedInterfaceOrientations_iPad = "UIInterfaceOrientationLandscapeLeft UIInterfaceOrientationLandscapeRight UIInterfaceOrientationPortrait UIInterfaceOrientationPortraitUpsideDown";
				IPHONEOS_DEPLOYMENT_TARGET = 16.3;
				LD_RUNPATH_SEARCH_PATHS = "@executable_path/Frameworks";
				"LD_RUNPATH_SEARCH_PATHS[sdk=macosx*]" = "@executable_path/../Frameworks";
				MACOSX_DEPLOYMENT_TARGET = 13.0;
				MARKETING_VERSION = 1.0;
				PRODUCT_BUNDLE_IDENTIFIER = berkaydisli.MOODHAVEN;
				PRODUCT_NAME = "$(TARGET_NAME)";
				SDKROOT = auto;
				SUPPORTED_PLATFORMS = "iphoneos iphonesimulator";
				SUPPORTS_MACCATALYST = NO;
				SUPPORTS_MAC_DESIGNED_FOR_IPHONE_IPAD = NO;
				SWIFT_EMIT_LOC_STRINGS = YES;
				SWIFT_VERSION = 5.0;
				TARGETED_DEVICE_FAMILY = "1,2";
			};
			name = Debug;
		};
		230FD33C29CC676200047A09 /* Release */ = {
			isa = XCBuildConfiguration;
			buildSettings = {
				ASSETCATALOG_COMPILER_APPICON_NAME = AppIcon;
				ASSETCATALOG_COMPILER_GLOBAL_ACCENT_COLOR_NAME = AccentColor;
				CODE_SIGN_ENTITLEMENTS = MOODHAVEN/MOODHAVEN.entitlements;
				CODE_SIGN_STYLE = Automatic;
				CURRENT_PROJECT_VERSION = 1;
				DEVELOPMENT_ASSET_PATHS = "\"MOODHAVEN/Preview Content\"";
				DEVELOPMENT_TEAM = 62693BZN4B;
				ENABLE_HARDENED_RUNTIME = YES;
				ENABLE_PREVIEWS = YES;
				GENERATE_INFOPLIST_FILE = YES;
				"INFOPLIST_KEY_UIApplicationSceneManifest_Generation[sdk=iphoneos*]" = YES;
				"INFOPLIST_KEY_UIApplicationSceneManifest_Generation[sdk=iphonesimulator*]" = YES;
				"INFOPLIST_KEY_UIApplicationSupportsIndirectInputEvents[sdk=iphoneos*]" = YES;
				"INFOPLIST_KEY_UIApplicationSupportsIndirectInputEvents[sdk=iphonesimulator*]" = YES;
				"INFOPLIST_KEY_UILaunchScreen_Generation[sdk=iphoneos*]" = YES;
				"INFOPLIST_KEY_UILaunchScreen_Generation[sdk=iphonesimulator*]" = YES;
				INFOPLIST_KEY_UIStatusBarStyle = "";
				"INFOPLIST_KEY_UIStatusBarStyle[sdk=iphoneos*]" = UIStatusBarStyleDefault;
				"INFOPLIST_KEY_UIStatusBarStyle[sdk=iphonesimulator*]" = UIStatusBarStyleDefault;
				INFOPLIST_KEY_UISupportedInterfaceOrientations = UIInterfaceOrientationPortrait;
				INFOPLIST_KEY_UISupportedInterfaceOrientations_iPad = "UIInterfaceOrientationLandscapeLeft UIInterfaceOrientationLandscapeRight UIInterfaceOrientationPortrait UIInterfaceOrientationPortraitUpsideDown";
				IPHONEOS_DEPLOYMENT_TARGET = 16.3;
				LD_RUNPATH_SEARCH_PATHS = "@executable_path/Frameworks";
				"LD_RUNPATH_SEARCH_PATHS[sdk=macosx*]" = "@executable_path/../Frameworks";
				MACOSX_DEPLOYMENT_TARGET = 13.0;
				MARKETING_VERSION = 1.0;
				PRODUCT_BUNDLE_IDENTIFIER = berkaydisli.MOODHAVEN;
				PRODUCT_NAME = "$(TARGET_NAME)";
				SDKROOT = auto;
				SUPPORTED_PLATFORMS = "iphoneos iphonesimulator";
				SUPPORTS_MACCATALYST = NO;
				SUPPORTS_MAC_DESIGNED_FOR_IPHONE_IPAD = NO;
				SWIFT_EMIT_LOC_STRINGS = YES;
				SWIFT_VERSION = 5.0;
				TARGETED_DEVICE_FAMILY = "1,2";
			};
			name = Release;
		};
		230FD33E29CC676200047A09 /* Debug */ = {
			isa = XCBuildConfiguration;
			buildSettings = {
				ALWAYS_EMBED_SWIFT_STANDARD_LIBRARIES = YES;
				BUNDLE_LOADER = "$(TEST_HOST)";
				CODE_SIGN_STYLE = Automatic;
				CURRENT_PROJECT_VERSION = 1;
				DEVELOPMENT_TEAM = 62693BZN4B;
				GENERATE_INFOPLIST_FILE = YES;
				IPHONEOS_DEPLOYMENT_TARGET = 16.4;
				MACOSX_DEPLOYMENT_TARGET = 13.0;
				MARKETING_VERSION = 1.0;
				PRODUCT_BUNDLE_IDENTIFIER = berkaydisli.MOODHAVENTests;
				PRODUCT_NAME = "$(TARGET_NAME)";
				SDKROOT = auto;
				SUPPORTED_PLATFORMS = "iphoneos iphonesimulator macosx";
				SWIFT_EMIT_LOC_STRINGS = NO;
				SWIFT_VERSION = 5.0;
				TARGETED_DEVICE_FAMILY = "1,2";
				TEST_HOST = "$(BUILT_PRODUCTS_DIR)/MOODHAVEN.app/$(BUNDLE_EXECUTABLE_FOLDER_PATH)/MOODHAVEN";
			};
			name = Debug;
		};
		230FD33F29CC676200047A09 /* Release */ = {
			isa = XCBuildConfiguration;
			buildSettings = {
				ALWAYS_EMBED_SWIFT_STANDARD_LIBRARIES = YES;
				BUNDLE_LOADER = "$(TEST_HOST)";
				CODE_SIGN_STYLE = Automatic;
				CURRENT_PROJECT_VERSION = 1;
				DEVELOPMENT_TEAM = 62693BZN4B;
				GENERATE_INFOPLIST_FILE = YES;
				IPHONEOS_DEPLOYMENT_TARGET = 16.4;
				MACOSX_DEPLOYMENT_TARGET = 13.0;
				MARKETING_VERSION = 1.0;
				PRODUCT_BUNDLE_IDENTIFIER = berkaydisli.MOODHAVENTests;
				PRODUCT_NAME = "$(TARGET_NAME)";
				SDKROOT = auto;
				SUPPORTED_PLATFORMS = "iphoneos iphonesimulator macosx";
				SWIFT_EMIT_LOC_STRINGS = NO;
				SWIFT_VERSION = 5.0;
				TARGETED_DEVICE_FAMILY = "1,2";
				TEST_HOST = "$(BUILT_PRODUCTS_DIR)/MOODHAVEN.app/$(BUNDLE_EXECUTABLE_FOLDER_PATH)/MOODHAVEN";
			};
			name = Release;
		};
		230FD34129CC676200047A09 /* Debug */ = {
			isa = XCBuildConfiguration;
			buildSettings = {
				ALWAYS_EMBED_SWIFT_STANDARD_LIBRARIES = YES;
				CODE_SIGN_STYLE = Automatic;
				CURRENT_PROJECT_VERSION = 1;
				DEVELOPMENT_TEAM = 62693BZN4B;
				GENERATE_INFOPLIST_FILE = YES;
				IPHONEOS_DEPLOYMENT_TARGET = 16.4;
				MACOSX_DEPLOYMENT_TARGET = 13.0;
				MARKETING_VERSION = 1.0;
				PRODUCT_BUNDLE_IDENTIFIER = berkaydisli.MOODHAVENUITests;
				PRODUCT_NAME = "$(TARGET_NAME)";
				SDKROOT = auto;
				SUPPORTED_PLATFORMS = "iphoneos iphonesimulator macosx";
				SWIFT_EMIT_LOC_STRINGS = NO;
				SWIFT_VERSION = 5.0;
				TARGETED_DEVICE_FAMILY = "1,2";
				TEST_TARGET_NAME = MOODHAVEN;
			};
			name = Debug;
		};
		230FD34229CC676200047A09 /* Release */ = {
			isa = XCBuildConfiguration;
			buildSettings = {
				ALWAYS_EMBED_SWIFT_STANDARD_LIBRARIES = YES;
				CODE_SIGN_STYLE = Automatic;
				CURRENT_PROJECT_VERSION = 1;
				DEVELOPMENT_TEAM = 62693BZN4B;
				GENERATE_INFOPLIST_FILE = YES;
				IPHONEOS_DEPLOYMENT_TARGET = 16.4;
				MACOSX_DEPLOYMENT_TARGET = 13.0;
				MARKETING_VERSION = 1.0;
				PRODUCT_BUNDLE_IDENTIFIER = berkaydisli.MOODHAVENUITests;
				PRODUCT_NAME = "$(TARGET_NAME)";
				SDKROOT = auto;
				SUPPORTED_PLATFORMS = "iphoneos iphonesimulator macosx";
				SWIFT_EMIT_LOC_STRINGS = NO;
				SWIFT_VERSION = 5.0;
				TARGETED_DEVICE_FAMILY = "1,2";
				TEST_TARGET_NAME = MOODHAVEN;
			};
			name = Release;
		};
/* End XCBuildConfiguration section */

/* Begin XCConfigurationList section */
		230FD31029CC676100047A09 /* Build configuration list for PBXProject "MOODHAVEN" */ = {
			isa = XCConfigurationList;
			buildConfigurations = (
				230FD33829CC676200047A09 /* Debug */,
				230FD33929CC676200047A09 /* Release */,
			);
			defaultConfigurationIsVisible = 0;
			defaultConfigurationName = Release;
		};
		230FD33A29CC676200047A09 /* Build configuration list for PBXNativeTarget "MOODHAVEN" */ = {
			isa = XCConfigurationList;
			buildConfigurations = (
				230FD33B29CC676200047A09 /* Debug */,
				230FD33C29CC676200047A09 /* Release */,
			);
			defaultConfigurationIsVisible = 0;
			defaultConfigurationName = Release;
		};
		230FD33D29CC676200047A09 /* Build configuration list for PBXNativeTarget "MOODHAVENTests" */ = {
			isa = XCConfigurationList;
			buildConfigurations = (
				230FD33E29CC676200047A09 /* Debug */,
				230FD33F29CC676200047A09 /* Release */,
			);
			defaultConfigurationIsVisible = 0;
			defaultConfigurationName = Release;
		};
		230FD34029CC676200047A09 /* Build configuration list for PBXNativeTarget "MOODHAVENUITests" */ = {
			isa = XCConfigurationList;
			buildConfigurations = (
				230FD34129CC676200047A09 /* Debug */,
				230FD34229CC676200047A09 /* Release */,
			);
			defaultConfigurationIsVisible = 0;
			defaultConfigurationName = Release;
		};
/* End XCConfigurationList section */

/* Begin XCRemoteSwiftPackageReference section */
		2338503329D878F20076CB5F /* XCRemoteSwiftPackageReference "rive-ios" */ = {
			isa = XCRemoteSwiftPackageReference;
			repositoryURL = "https://github.com/rive-app/rive-ios";
			requirement = {
				branch = main;
				kind = branch;
			};
		};
/* End XCRemoteSwiftPackageReference section */

/* Begin XCSwiftPackageProductDependency section */
		2338503429D878F20076CB5F /* RiveRuntime */ = {
			isa = XCSwiftPackageProductDependency;
			package = 2338503329D878F20076CB5F /* XCRemoteSwiftPackageReference "rive-ios" */;
			productName = RiveRuntime;
		};
/* End XCSwiftPackageProductDependency section */
	};
	rootObject = 230FD30D29CC676100047A09 /* Project object */;
}
